{
  "name": "tickerowl-producthunt",
  "version": "1.0.11",
  "lockfileVersion": 3,
  "requires": true,
  "packages": {
    "": {
      "name": "tickerowl-producthunt",
      "version": "1.0.11",
      "license": "ISC",
      "dependencies": {
        "tickerowl-app-base": "^1.0.12"
      },
      "devDependencies": {
        "typescript": "^5.6.3"
      }
    },
    "node_modules/tickerowl-app-base": {
      "version": "1.0.12",
      "resolved": "https://registry.npmjs.org/tickerowl-app-base/-/tickerowl-app-base-1.0.12.tgz",
      "integrity": "sha512-gZnr3pQ+tt8x7KodVB53ibVzqBhypv6qoh58RJ1/10UsmSot6kuq9oiSgzkZxHh/3PYnp15AYSnGgB/O2N0n8w==",
      "dependencies": {
        "typescript": "^5.6.3"
      }
    },
    "node_modules/typescript": {
      "version": "5.6.3",
      "resolved": "https://registry.npmjs.org/typescript/-/typescript-5.6.3.tgz",
      "integrity": "sha512-hjcS1mhfuyi4WW8IWtjP7brDrG2cuDZukyrYrSauoXGNgx0S7zceP07adYkJycEr56BOUTNPzbInooiN3fn1qw==",
      "bin": {
        "tsc": "bin/tsc",
        "tsserver": "bin/tsserver"
      },
      "engines": {
        "node": ">=14.17"
      }
    }
  }
}
